
Microsoft Visual Studio Solution File, Format Version 12.00
# Visual Studio 15
VisualStudioVersion = 15.0.26730.12
MinimumVisualStudioVersion = 10.0.40219.1
Project("{FAE04EC0-301F-11D3-BF4B-00C04F79EFBC}") = "Task1", "Task1\Task1.csproj", "{922EE81E-379A-4146-926E-7C1B62822756}"
EndProject
Project("{FAE04EC0-301F-11D3-BF4B-00C04F79EFBC}") = "Task2", "Task2\Task2.csproj", "{4E7BA040-5C0F-4377-82CE-62B97BFACC5B}"
EndProject
Global
	GlobalSection(SolutionConfigurationPlatforms) = preSolution
		Debug|Any CPU = Debug|Any CPU
		Release|Any CPU = Release|Any CPU
	EndGlobalSection
	GlobalSection(ProjectConfigurationPlatforms) = postSolution
		{922EE81E-379A-4146-926E-7C1B62822756}.Debug|Any CPU.ActiveCfg = Debug|Any CPU
		{922EE81E-379A-4146-926E-7C1B62822756}.Debug|Any CPU.Build.0 = Debug|Any CPU
		{922EE81E-379A-4146-926E-7C1B62822756}.Release|Any CPU.ActiveCfg = Release|Any CPU
		{922EE81E-379A-4146-926E-7C1B62822756}.Release|Any CPU.Build.0 = Release|Any CPU
		{4E7BA040-5C0F-4377-82CE-62B97BFACC5B}.Debug|Any CPU.ActiveCfg = Debug|Any CPU
		{4E7BA040-5C0F-4377-82CE-62B97BFACC5B}.Debug|Any CPU.Build.0 = Debug|Any CPU
		{4E7BA040-5C0F-4377-82CE-62B97BFACC5B}.Release|Any CPU.ActiveCfg = Release|Any CPU
		{4E7BA040-5C0F-4377-82CE-62B97BFACC5B}.Release|Any CPU.Build.0 = Release|Any CPU
	EndGlobalSection
	GlobalSection(SolutionProperties) = preSolution
		HideSolutionNode = FALSE
	EndGlobalSection
	GlobalSection(ExtensibilityGlobals) = postSolution
		SolutionGuid = {8A5ED00B-AFA6-4380-BA90-10DA0DA31440}
	EndGlobalSection
EndGlobal
